
Microsoft Visual Studio Solution File, Format Version 12.00
# Visual Studio Version 17
VisualStudioVersion = 17.7.34031.279
MinimumVisualStudioVersion = 10.0.40219.1
Project("{FAE04EC0-301F-11D3-BF4B-00C04F79EFBC}") = "array", "array.csproj", "{F5E4779E-F4A8-451E-A1D1-E715A7F7F178}"
EndProject
Global
	GlobalSection(SolutionConfigurationPlatforms) = preSolution
		Debug|Any CPU = Debug|Any CPU
		Release|Any CPU = Release|Any CPU
	EndGlobalSection
	GlobalSection(ProjectConfigurationPlatforms) = postSolution
		{F5E4779E-F4A8-451E-A1D1-E715A7F7F178}.Debug|Any CPU.ActiveCfg = Debug|Any CPU
		{F5E4779E-F4A8-451E-A1D1-E715A7F7F178}.Debug|Any CPU.Build.0 = Debug|Any CPU
		{F5E4779E-F4A8-451E-A1D1-E715A7F7F178}.Release|Any CPU.ActiveCfg = Release|Any CPU
		{F5E4779E-F4A8-451E-A1D1-E715A7F7F178}.Release|Any CPU.Build.0 = Release|Any CPU
	EndGlobalSection
	GlobalSection(SolutionProperties) = preSolution
		HideSolutionNode = FALSE
	EndGlobalSection
	GlobalSection(ExtensibilityGlobals) = postSolution
		SolutionGuid = {973AA246-D1A2-44D4-8425-658E84DEEDD7}
	EndGlobalSection
EndGlobal
